
Microsoft Visual Studio Solution File, Format Version 12.00
# Visual Studio Version 16
VisualStudioVersion = 16.0.29009.5
MinimumVisualStudioVersion = 10.0.40219.1
Project("{FAE04EC0-301F-11D3-BF4B-00C04F79EFBC}") = "RemoteDesktop", "RemoteDesktop\RemoteDesktop.csproj", "{0C85CF76-0839-4388-B76F-535E7B474709}"
EndProject
Project("{FAE04EC0-301F-11D3-BF4B-00C04F79EFBC}") = "RemoteDesktopC", "RemoteDesktopC\RemoteDesktopC.csproj", "{513E4EF8-3E1F-4602-9E8D-7414E7EC80FB}"
EndProject
Global
	GlobalSection(SolutionConfigurationPlatforms) = preSolution
		Debug|Any CPU = Debug|Any CPU
		Release|Any CPU = Release|Any CPU
	EndGlobalSection
	GlobalSection(ProjectConfigurationPlatforms) = postSolution
		{0C85CF76-0839-4388-B76F-535E7B474709}.Debug|Any CPU.ActiveCfg = Debug|Any CPU
		{0C85CF76-0839-4388-B76F-535E7B474709}.Debug|Any CPU.Build.0 = Debug|Any CPU
		{0C85CF76-0839-4388-B76F-535E7B474709}.Release|Any CPU.ActiveCfg = Release|Any CPU
		{0C85CF76-0839-4388-B76F-535E7B474709}.Release|Any CPU.Build.0 = Release|Any CPU
		{513E4EF8-3E1F-4602-9E8D-7414E7EC80FB}.Debug|Any CPU.ActiveCfg = Debug|Any CPU
		{513E4EF8-3E1F-4602-9E8D-7414E7EC80FB}.Debug|Any CPU.Build.0 = Debug|Any CPU
		{513E4EF8-3E1F-4602-9E8D-7414E7EC80FB}.Release|Any CPU.ActiveCfg = Release|Any CPU
		{513E4EF8-3E1F-4602-9E8D-7414E7EC80FB}.Release|Any CPU.Build.0 = Release|Any CPU
	EndGlobalSection
	GlobalSection(SolutionProperties) = preSolution
		HideSolutionNode = FALSE
	EndGlobalSection
	GlobalSection(ExtensibilityGlobals) = postSolution
		SolutionGuid = {F2CE9209-3589-4038-A968-73CE1BDCB885}
	EndGlobalSection
EndGlobal
